
Microsoft Visual Studio Solution File, Format Version 12.00
# Visual Studio Version 16
VisualStudioVersion = 16.0.29020.237
MinimumVisualStudioVersion = 10.0.40219.1
Project("{FAE04EC0-301F-11D3-BF4B-00C04F79EFBC}") = "Exr2", "Exr2\Exr2.csproj", "{B3F28978-23C3-4504-A499-24FEA029DE9B}"
EndProject
Project("{FAE04EC0-301F-11D3-BF4B-00C04F79EFBC}") = "TestLogic", "TestLogic\TestLogic.csproj", "{B6627473-ED6B-438D-B1A1-9880F7C82A3F}"
EndProject
Global
	GlobalSection(SolutionConfigurationPlatforms) = preSolution
		Debug|Any CPU = Debug|Any CPU
		Release|Any CPU = Release|Any CPU
	EndGlobalSection
	GlobalSection(ProjectConfigurationPlatforms) = postSolution
		{B3F28978-23C3-4504-A499-24FEA029DE9B}.Debug|Any CPU.ActiveCfg = Debug|Any CPU
		{B3F28978-23C3-4504-A499-24FEA029DE9B}.Debug|Any CPU.Build.0 = Debug|Any CPU
		{B3F28978-23C3-4504-A499-24FEA029DE9B}.Release|Any CPU.ActiveCfg = Release|Any CPU
		{B3F28978-23C3-4504-A499-24FEA029DE9B}.Release|Any CPU.Build.0 = Release|Any CPU
		{B6627473-ED6B-438D-B1A1-9880F7C82A3F}.Debug|Any CPU.ActiveCfg = Debug|Any CPU
		{B6627473-ED6B-438D-B1A1-9880F7C82A3F}.Debug|Any CPU.Build.0 = Debug|Any CPU
		{B6627473-ED6B-438D-B1A1-9880F7C82A3F}.Release|Any CPU.ActiveCfg = Release|Any CPU
		{B6627473-ED6B-438D-B1A1-9880F7C82A3F}.Release|Any CPU.Build.0 = Release|Any CPU
	EndGlobalSection
	GlobalSection(SolutionProperties) = preSolution
		HideSolutionNode = FALSE
	EndGlobalSection
	GlobalSection(ExtensibilityGlobals) = postSolution
		SolutionGuid = {7BFADB8D-1C85-4523-946C-BF18E65688D4}
	EndGlobalSection
EndGlobal
