
Microsoft Visual Studio Solution File, Format Version 12.00
# Visual Studio Version 16
VisualStudioVersion = 16.0.29215.179
MinimumVisualStudioVersion = 10.0.40219.1
Project("{2150E333-8FDC-42A3-9474-1A3956D46DE8}") = "Recursion - Exercise", "Recursion - Exercise", "{BC7EBA18-2B97-474E-81E1-CDFBC5477068}"
EndProject
Project("{9A19103F-16F7-4668-BE54-9A1E7A4F7556}") = "RecursionTasks", "RecursionTasks\RecursionTasks.csproj", "{148E4C0C-1618-45B3-93A4-675A35C0486D}"
EndProject
Project("{2150E333-8FDC-42A3-9474-1A3956D46DE8}") = "Hackerrank - Exercise", "Hackerrank - Exercise", "{A5A6B669-495D-4529-805D-2CE02F4C6B03}"
EndProject
Project("{9A19103F-16F7-4668-BE54-9A1E7A4F7556}") = "HackerrankTask", "HackerrankTask\HackerrankTask.csproj", "{9C8FA306-6A46-4477-A629-27E4E5C9161F}"
EndProject
Project("{2150E333-8FDC-42A3-9474-1A3956D46DE8}") = "Combinatorics - Exercise", "Combinatorics - Exercise", "{E94B223D-45A9-4B42-889E-193C07A29E47}"
EndProject
Project("{9A19103F-16F7-4668-BE54-9A1E7A4F7556}") = "CombinatoricsTask", "CombinatoricsTask\CombinatoricsTask.csproj", "{359A0D46-8F31-4C65-B721-15B33721CDED}"
EndProject
Project("{2150E333-8FDC-42A3-9474-1A3956D46DE8}") = "Geeks - Exercise", "Geeks - Exercise", "{65BA9EB9-C06F-4C47-A25F-885892D5EF8A}"
EndProject
Project("{FAE04EC0-301F-11D3-BF4B-00C04F79EFBC}") = "GeeksTask", "GeeksTask\GeeksTask.csproj", "{AEF9058E-B04B-4973-9F25-AAB6426AB3F3}"
EndProject
Global
	GlobalSection(SolutionConfigurationPlatforms) = preSolution
		Debug|Any CPU = Debug|Any CPU
		Release|Any CPU = Release|Any CPU
	EndGlobalSection
	GlobalSection(ProjectConfigurationPlatforms) = postSolution
		{148E4C0C-1618-45B3-93A4-675A35C0486D}.Debug|Any CPU.ActiveCfg = Debug|Any CPU
		{148E4C0C-1618-45B3-93A4-675A35C0486D}.Debug|Any CPU.Build.0 = Debug|Any CPU
		{148E4C0C-1618-45B3-93A4-675A35C0486D}.Release|Any CPU.ActiveCfg = Release|Any CPU
		{148E4C0C-1618-45B3-93A4-675A35C0486D}.Release|Any CPU.Build.0 = Release|Any CPU
		{9C8FA306-6A46-4477-A629-27E4E5C9161F}.Debug|Any CPU.ActiveCfg = Debug|Any CPU
		{9C8FA306-6A46-4477-A629-27E4E5C9161F}.Debug|Any CPU.Build.0 = Debug|Any CPU
		{9C8FA306-6A46-4477-A629-27E4E5C9161F}.Release|Any CPU.ActiveCfg = Release|Any CPU
		{9C8FA306-6A46-4477-A629-27E4E5C9161F}.Release|Any CPU.Build.0 = Release|Any CPU
		{359A0D46-8F31-4C65-B721-15B33721CDED}.Debug|Any CPU.ActiveCfg = Debug|Any CPU
		{359A0D46-8F31-4C65-B721-15B33721CDED}.Debug|Any CPU.Build.0 = Debug|Any CPU
		{359A0D46-8F31-4C65-B721-15B33721CDED}.Release|Any CPU.ActiveCfg = Release|Any CPU
		{359A0D46-8F31-4C65-B721-15B33721CDED}.Release|Any CPU.Build.0 = Release|Any CPU
		{AEF9058E-B04B-4973-9F25-AAB6426AB3F3}.Debug|Any CPU.ActiveCfg = Debug|Any CPU
		{AEF9058E-B04B-4973-9F25-AAB6426AB3F3}.Debug|Any CPU.Build.0 = Debug|Any CPU
		{AEF9058E-B04B-4973-9F25-AAB6426AB3F3}.Release|Any CPU.ActiveCfg = Release|Any CPU
		{AEF9058E-B04B-4973-9F25-AAB6426AB3F3}.Release|Any CPU.Build.0 = Release|Any CPU
	EndGlobalSection
	GlobalSection(SolutionProperties) = preSolution
		HideSolutionNode = FALSE
	EndGlobalSection
	GlobalSection(NestedProjects) = preSolution
		{148E4C0C-1618-45B3-93A4-675A35C0486D} = {BC7EBA18-2B97-474E-81E1-CDFBC5477068}
		{9C8FA306-6A46-4477-A629-27E4E5C9161F} = {A5A6B669-495D-4529-805D-2CE02F4C6B03}
		{359A0D46-8F31-4C65-B721-15B33721CDED} = {E94B223D-45A9-4B42-889E-193C07A29E47}
		{AEF9058E-B04B-4973-9F25-AAB6426AB3F3} = {65BA9EB9-C06F-4C47-A25F-885892D5EF8A}
	EndGlobalSection
	GlobalSection(ExtensibilityGlobals) = postSolution
		SolutionGuid = {6BD59427-5A7A-456D-9D0A-F12787CD53AB}
	EndGlobalSection
EndGlobal
